
Microsoft Visual Studio Solution File, Format Version 11.00
# Visual Studio 2010
Project("{FAE04EC0-301F-11D3-BF4B-00C04F79EFBC}") = "Assembly-CSharp", "Assembly-CSharp.csproj", "{0FC98B72-5933-17A3-CE65-0F61C1BCE11B}"
EndProject
Project("{FAE04EC0-301F-11D3-BF4B-00C04F79EFBC}") = "Assembly-CSharp-firstpass", "Assembly-CSharp-firstpass.csproj", "{63EAECDD-DB4D-54C5-D405-F1DF26E51EC9}"
EndProject
Project("{FAE04EC0-301F-11D3-BF4B-00C04F79EFBC}") = "Assembly-CSharp-Editor", "Assembly-CSharp-Editor.csproj", "{1844BAB7-DD17-2764-5606-AFA045C42F1A}"
EndProject
Global
	GlobalSection(SolutionConfigurationPlatforms) = preSolution
		Debug|Any CPU = Debug|Any CPU
		Release|Any CPU = Release|Any CPU
	EndGlobalSection
	GlobalSection(ProjectConfigurationPlatforms) = postSolution
		{0FC98B72-5933-17A3-CE65-0F61C1BCE11B}.Debug|Any CPU.ActiveCfg = Debug|Any CPU
		{0FC98B72-5933-17A3-CE65-0F61C1BCE11B}.Debug|Any CPU.Build.0 = Debug|Any CPU
		{0FC98B72-5933-17A3-CE65-0F61C1BCE11B}.Release|Any CPU.ActiveCfg = Release|Any CPU
		{0FC98B72-5933-17A3-CE65-0F61C1BCE11B}.Release|Any CPU.Build.0 = Release|Any CPU
		{63EAECDD-DB4D-54C5-D405-F1DF26E51EC9}.Debug|Any CPU.ActiveCfg = Debug|Any CPU
		{63EAECDD-DB4D-54C5-D405-F1DF26E51EC9}.Debug|Any CPU.Build.0 = Debug|Any CPU
		{63EAECDD-DB4D-54C5-D405-F1DF26E51EC9}.Release|Any CPU.ActiveCfg = Release|Any CPU
		{63EAECDD-DB4D-54C5-D405-F1DF26E51EC9}.Release|Any CPU.Build.0 = Release|Any CPU
		{1844BAB7-DD17-2764-5606-AFA045C42F1A}.Debug|Any CPU.ActiveCfg = Debug|Any CPU
		{1844BAB7-DD17-2764-5606-AFA045C42F1A}.Debug|Any CPU.Build.0 = Debug|Any CPU
		{1844BAB7-DD17-2764-5606-AFA045C42F1A}.Release|Any CPU.ActiveCfg = Release|Any CPU
		{1844BAB7-DD17-2764-5606-AFA045C42F1A}.Release|Any CPU.Build.0 = Release|Any CPU
	EndGlobalSection
	GlobalSection(SolutionProperties) = preSolution
		HideSolutionNode = FALSE
	EndGlobalSection
	GlobalSection(MonoDevelopProperties) = preSolution
		StartupItem = Assembly-CSharp.csproj
	EndGlobalSection
EndGlobal
